PODS:
  - Kingfisher (6.3.1)
  - lottie-ios (3.2.3)

DEPENDENCIES:
  - Kingfisher
  - lottie-ios

SPEC REPOS:
  trunk:
    - Kingfisher
    - lottie-ios

SPEC CHECKSUMS:
  Kingfisher: 016c8b653a35add51dd34a3aba36b580041acc74
  lottie-ios: c058aeafa76daa4cf64d773554bccc8385d0150e

PODFILE CHECKSUM: a153e3ef61a5e027eb9a7cd92c209ff645daf2be

COCOAPODS: 1.10.2
